// !$*UTF8*$!
{
	archiveVersion = 1;
	classes = {
	};
	objectVersion = 50;
	objects = {

/* Begin PBXBuildFile section */
		FD346522218240BE000E681D /* general_functions.swift in Sources */ = {isa = PBXBuildFile; fileRef = FD346521218240BE000E681D /* general_functions.swift */; };
		FDA2131921811F74007FE86D /* AppDelegate.swift in Sources */ = {isa = PBXBuildFile; fileRef = FDA2131821811F74007FE86D /* AppDelegate.swift */; };
		FDA2131B21811F74007FE86D /* ViewController.swift in Sources */ = {isa = PBXBuildFile; fileRef = FDA2131A21811F74007FE86D /* ViewController.swift */; };
		FDA2131E21811F74007FE86D /* Main.storyboard in Resources */ = {isa = PBXBuildFile; fileRef = FDA2131C21811F74007FE86D /* Main.storyboard */; };
		FDA2132021811F77007FE86D /* Assets.xcassets in Resources */ = {isa = PBXBuildFile; fileRef = FDA2131F21811F77007FE86D /* Assets.xcassets */; };
		FDA2132321811F77007FE86D /* LaunchScreen.storyboard in Resources */ = {isa = PBXBuildFile; fileRef = FDA2132121811F77007FE86D /* LaunchScreen.storyboard */; };
/* End PBXBuildFile section */

/* Begin PBXFileReference section */
		FD346521218240BE000E681D /* general_functions.swift */ = {isa = PBXFileReference; lastKnownFileType = sourcecode.swift; path = general_functions.swift; sourceTree = "<group>"; };
		FDA2131521811F74007FE86D /* Maltese Vocubulary.app */ = {isa = PBXFileReference; explicitFileType = wrapper.application; includeInIndex = 0; path = "Maltese Vocubulary.app"; sourceTree = BUILT_PRODUCTS_DIR; };
		FDA2131821811F74007FE86D /* AppDelegate.swift */ = {isa = PBXFileReference; lastKnownFileType = sourcecode.swift; path = AppDelegate.swift; sourceTree = "<group>"; };
		FDA2131A21811F74007FE86D /* ViewController.swift */ = {isa = PBXFileReference; lastKnownFileType = sourcecode.swift; path = ViewController.swift; sourceTree = "<group>"; };
		FDA2131D21811F74007FE86D /* Base */ = {isa = PBXFileReference; lastKnownFileType = file.storyboard; name = Base; path = Base.lproj/Main.storyboard; sourceTree = "<group>"; };
		FDA2131F21811F77007FE86D /* Assets.xcassets */ = {isa = PBXFileReference; lastKnownFileType = folder.assetcatalog; path = Assets.xcassets; sourceTree = "<group>"; };
		FDA2132221811F77007FE86D /* Base */ = {isa = PBXFileReference; lastKnownFileType = file.storyboard; name = Base; path = Base.lproj/LaunchScreen.storyboard; sourceTree = "<group>"; };
		FDA2132421811F77007FE86D /* Info.plist */ = {isa = PBXFileReference; lastKnownFileType = text.plist.xml; path = Info.plist; sourceTree = "<group>"; };
/* End PBXFileReference section */

/* Begin PBXFrameworksBuildPhase section */
		FDA2131221811F74007FE86D /* Frameworks */ = {
			isa = PBXFrameworksBuildPhase;
			buildActionMask = 2147483647;
			files = (
			);
			runOnlyForDeploymentPostprocessing = 0;
		};
/* End PBXFrameworksBuildPhase section */

/* Begin PBXGroup section */
		FDA2130C21811F74007FE86D = {
			isa = PBXGroup;
			children = (
				FDA2131721811F74007FE86D /* Maltese Vocubulary */,
				FDA2131621811F74007FE86D /* Products */,
			);
			sourceTree = "<group>";
		};
		FDA2131621811F74007FE86D /* Products */ = {
			isa = PBXGroup;
			children = (
				FDA2131521811F74007FE86D /* Maltese Vocubulary.app */,
			);
			name = Products;
			sourceTree = "<group>";
		};
		FDA2131721811F74007FE86D /* Maltese Vocubulary */ = {
			isa = PBXGroup;
			children = (
				FDA2131821811F74007FE86D /* AppDelegate.swift */,
				FDA2131A21811F74007FE86D /* ViewController.swift */,
				FD346521218240BE000E681D /* general_functions.swift */,
				FDA2131C21811F74007FE86D /* Main.storyboard */,
				FDA2131F21811F77007FE86D /* Assets.xcassets */,
				FDA2132121811F77007FE86D /* LaunchScreen.storyboard */,
				FDA2132421811F77007FE86D /* Info.plist */,
			);
			path = "Maltese Vocubulary";
			sourceTree = "<group>";
		};
/* End PBXGroup section */

/* Begin PBXNativeTarget section */
		FDA2131421811F74007FE86D /* Maltese Vocubulary */ = {
			isa = PBXNativeTarget;
			buildConfigurationList = FDA2132721811F77007FE86D /* Build configuration list for PBXNativeTarget "Maltese Vocubulary" */;
			buildPhases = (
				FDA2131121811F74007FE86D /* Sources */,
				FDA2131221811F74007FE86D /* Frameworks */,
				FDA2131321811F74007FE86D /* Resources */,
			);
			buildRules = (
			);
			dependencies = (
			);
			name = "Maltese Vocubulary";
			productName = "Maltese Vocubulary";
			productReference = FDA2131521811F74007FE86D /* Maltese Vocubulary.app */;
			productType = "com.apple.product-type.application";
		};
/* End PBXNativeTarget section */

/* Begin PBXProject section */
		FDA2130D21811F74007FE86D /* Project object */ = {
			isa = PBXProject;
			attributes = {
				LastSwiftUpdateCheck = 1000;
				LastUpgradeCheck = 1000;
				ORGANIZATIONNAME = "Martin Schranz";
				TargetAttributes = {
					FDA2131421811F74007FE86D = {
						CreatedOnToolsVersion = 10.0;
					};
				};
			};
			buildConfigurationList = FDA2131021811F74007FE86D /* Build configuration list for PBXProject "Maltese Vocubulary" */;
			compatibilityVersion = "Xcode 9.3";
			developmentRegion = en;
			hasScannedForEncodings = 0;
			knownRegions = (
				en,
				Base,
			);
			mainGroup = FDA2130C21811F74007FE86D;
			productRefGroup = FDA2131621811F74007FE86D /* Products */;
			projectDirPath = "";
			projectRoot = "";
			targets = (
				FDA2131421811F74007FE86D /* Maltese Vocubulary */,
			);
		};
/* End PBXProject section */

/* Begin PBXResourcesBuildPhase section */
		FDA2131321811F74007FE86D /* Resources */ = {
			isa = PBXResourcesBuildPhase;
			buildActionMask = 2147483647;
			files = (
				FDA2132321811F77007FE86D /* LaunchScreen.storyboard in Resources */,
				FDA2132021811F77007FE86D /* Assets.xcassets in Resources */,
				FDA2131E21811F74007FE86D /* Main.storyboard in Resources */,
			);
			runOnlyForDeploymentPostprocessing = 0;
		};
/* End PBXResourcesBuildPhase section */

/* Begin PBXSourcesBuildPhase section */
		FDA2131121811F74007FE86D /* Sources */ = {
			isa = PBXSourcesBuildPhase;
			buildActionMask = 2147483647;
			files = (
				FDA2131B21811F74007FE86D /* ViewController.swift in Sources */,
				FDA2131921811F74007FE86D /* AppDelegate.swift in Sources */,
				FD346522218240BE000E681D /* general_functions.swift in Sources */,
			);
			runOnlyForDeploymentPostprocessing = 0;
		};
/* End PBXSourcesBuildPhase section */

/* Begin PBXVariantGroup section */
		FDA2131C21811F74007FE86D /* Main.storyboard */ = {
			isa = PBXVariantGroup;
			children = (
				FDA2131D21811F74007FE86D /* Base */,
			);
			name = Main.storyboard;
			sourceTree = "<group>";
		};
		FDA2132121811F77007FE86D /* LaunchScreen.storyboard */ = {
			isa = PBXVariantGroup;
			children = (
				FDA2132221811F77007FE86D /* Base */,
			);
			name = LaunchScreen.storyboard;
			sourceTree = "<group>";
		};
/* End PBXVariantGroup section */

/* Begin XCBuildConfiguration section */
		FDA2132521811F77007FE86D /* Debug */ = {
			isa = XCBuildConfiguration;
			buildSettings = {
				ALWAYS_SEARCH_USER_PATHS = NO;
				CLANG_ANALYZER_NONNULL = YES;
				CLANG_ANALYZER_NUMBER_OBJECT_CONVERSION = YES_AGGRESSIVE;
				CLANG_CXX_LANGUAGE_STANDARD = "gnu++14";
				CLANG_CXX_LIBRARY = "libc++";
				CLANG_ENABLE_MODULES = YES;
				CLANG_ENABLE_OBJC_ARC = YES;
				CLANG_ENABLE_OBJC_WEAK = YES;
				CLANG_WARN_BLOCK_CAPTURE_AUTORELEASING = YES;
				CLANG_WARN_BOOL_CONVERSION = YES;
				CLANG_WARN_COMMA = YES;
				CLANG_WARN_CONSTANT_CONVERSION = YES;
				CLANG_WARN_DEPRECATED_OBJC_IMPLEMENTATIONS = YES;
				CLANG_WARN_DIRECT_OBJC_ISA_USAGE = YES_ERROR;
				CLANG_WARN_DOCUMENTATION_COMMENTS = YES;
				CLANG_WARN_EMPTY_BODY = YES;
				CLANG_WARN_ENUM_CONVERSION = YES;
				CLANG_WARN_INFINITE_RECURSION = YES;
				CLANG_WARN_INT_CONVERSION = YES;
				CLANG_WARN_NON_LITERAL_NULL_CONVERSION = YES;
				CLANG_WARN_OBJC_IMPLICIT_RETAIN_SELF = YES;
				CLANG_WARN_OBJC_LITERAL_CONVERSION = YES;
				CLANG_WARN_OBJC_ROOT_CLASS = YES_ERROR;
				CLANG_WARN_RANGE_LOOP_ANALYSIS = YES;
				CLANG_WARN_STRICT_PROTOTYPES = YES;
				CLANG_WARN_SUSPICIOUS_MOVE = YES;
				CLANG_WARN_UNGUARDED_AVAILABILITY = YES_AGGRESSIVE;
				CLANG_WARN_UNREACHABLE_CODE = YES;
				CLANG_WARN__DUPLICATE_METHOD_MATCH = YES;
				CODE_SIGN_IDENTITY = "iPhone Developer";
				COPY_PHASE_STRIP = NO;
				DEBUG_INFORMATION_FORMAT = dwarf;
				ENABLE_STRICT_OBJC_MSGSEND = YES;
				ENABLE_TESTABILITY = YES;
				GCC_C_LANGUAGE_STANDARD = gnu11;
				GCC_DYNAMIC_NO_PIC = NO;
				GCC_NO_COMMON_BLOCKS = YES;
				GCC_OPTIMIZATION_LEVEL = 0;
				GCC_PREPROCESSOR_DEFINITIONS = (
					"DEBUG=1",
					"$(inherited)",
				);
				GCC_WARN_64_TO_32_BIT_CONVERSION = YES;
				GCC_WARN_ABOUT_RETURN_TYPE = YES_ERROR;
				GCC_WARN_UNDECLARED_SELECTOR = YES;
				GCC_WARN_UNINITIALIZED_AUTOS = YES_AGGRESSIVE;
				GCC_WARN_UNUSED_FUNCTION = YES;
				GCC_WARN_UNUSED_VARIABLE = YES;
				IPHONEOS_DEPLOYMENT_TARGET = 12.0;
				MTL_ENABLE_DEBUG_INFO = INCLUDE_SOURCE;
				MTL_FAST_MATH = YES;
				ONLY_ACTIVE_ARCH = YES;
				SDKROOT = iphoneos;
				SWIFT_ACTIVE_COMPILATION_CONDITIONS = DEBUG;
				SWIFT_OPTIMIZATION_LEVEL = "-Onone";
			};
			name = Debug;
		};
		FDA2132621811F77007FE86D /* Release */ = {
			isa = XCBuildConfiguration;
			buildSettings = {
				ALWAYS_SEARCH_USER_PATHS = NO;
				CLANG_ANALYZER_NONNULL = YES;
				CLANG_ANALYZER_NUMBER_OBJECT_CONVERSION = YES_AGGRESSIVE;
				CLANG_CXX_LANGUAGE_STANDARD = "gnu++14";
				CLANG_CXX_LIBRARY = "libc++";
				CLANG_ENABLE_MODULES = YES;
				CLANG_ENABLE_OBJC_ARC = YES;
				CLANG_ENABLE_OBJC_WEAK = YES;
				CLANG_WARN_BLOCK_CAPTURE_AUTORELEASING = YES;
				CLANG_WARN_BOOL_CONVERSION = YES;
				CLANG_WARN_COMMA = YES;
				CLANG_WARN_CONSTANT_CONVERSION = YES;
				CLANG_WARN_DEPRECATED_OBJC_IMPLEMENTATIONS = YES;
				CLANG_WARN_DIRECT_OBJC_ISA_USAGE = YES_ERROR;
				CLANG_WARN_DOCUMENTATION_COMMENTS = YES;
				CLANG_WARN_EMPTY_BODY = YES;
				CLANG_WARN_ENUM_CONVERSION = YES;
				CLANG_WARN_INFINITE_RECURSION = YES;
				CLANG_WARN_INT_CONVERSION = YES;
				CLANG_WARN_NON_LITERAL_NULL_CONVERSION = YES;
				CLANG_WARN_OBJC_IMPLICIT_RETAIN_SELF = YES;
				CLANG_WARN_OBJC_LITERAL_CONVERSION = YES;
				CLANG_WARN_OBJC_ROOT_CLASS = YES_ERROR;
				CLANG_WARN_RANGE_LOOP_ANALYSIS = YES;
				CLANG_WARN_STRICT_PROTOTYPES = YES;
				CLANG_WARN_SUSPICIOUS_MOVE = YES;
				CLANG_WARN_UNGUARDED_AVAILABILITY = YES_AGGRESSIVE;
				CLANG_WARN_UNREACHABLE_CODE = YES;
				CLANG_WARN__DUPLICATE_METHOD_MATCH = YES;
				CODE_SIGN_IDENTITY = "iPhone Developer";
				COPY_PHASE_STRIP = NO;
				DEBUG_INFORMATION_FORMAT = "dwarf-with-dsym";
				ENABLE_NS_ASSERTIONS = NO;
				ENABLE_STRICT_OBJC_MSGSEND = YES;
				GCC_C_LANGUAGE_STANDARD = gnu11;
				GCC_NO_COMMON_BLOCKS = YES;
				GCC_WARN_64_TO_32_BIT_CONVERSION = YES;
				GCC_WARN_ABOUT_RETURN_TYPE = YES_ERROR;
				GCC_WARN_UNDECLARED_SELECTOR = YES;
				GCC_WARN_UNINITIALIZED_AUTOS = YES_AGGRESSIVE;
				GCC_WARN_UNUSED_FUNCTION = YES;
				GCC_WARN_UNUSED_VARIABLE = YES;
				IPHONEOS_DEPLOYMENT_TARGET = 12.0;
				MTL_ENABLE_DEBUG_INFO = NO;
				MTL_FAST_MATH = YES;
				SDKROOT = iphoneos;
				SWIFT_COMPILATION_MODE = wholemodule;
				SWIFT_OPTIMIZATION_LEVEL = "-O";
				VALIDATE_PRODUCT = YES;
			};
			name = Release;
		};
		FDA2132821811F77007FE86D /* Debug */ = {
			isa = XCBuildConfiguration;
			buildSettings = {
				ASSETCATALOG_COMPILER_APPICON_NAME = AppIcon;
				CODE_SIGN_STYLE = Automatic;
				DEVELOPMENT_TEAM = 396FF4AH3U;
				INFOPLIST_FILE = "Maltese Vocubulary/Info.plist";
				LD_RUNPATH_SEARCH_PATHS = (
					"$(inherited)",
					"@executable_path/Frameworks",
				);
				PRODUCT_BUNDLE_IDENTIFIER = "com.sqcm.p4.Maltese-Vocubulary";
				PRODUCT_NAME = "$(TARGET_NAME)";
				SWIFT_VERSION = 4.2;
				TARGETED_DEVICE_FAMILY = "1,2";
			};
			name = Debug;
		};
		FDA2132921811F77007FE86D /* Release */ = {
			isa = XCBuildConfiguration;
			buildSettings = {
				ASSETCATALOG_COMPILER_APPICON_NAME = AppIcon;
				CODE_SIGN_STYLE = Automatic;
				DEVELOPMENT_TEAM = 396FF4AH3U;
				INFOPLIST_FILE = "Maltese Vocubulary/Info.plist";
				LD_RUNPATH_SEARCH_PATHS = (
					"$(inherited)",
					"@executable_path/Frameworks",
				);
				PRODUCT_BUNDLE_IDENTIFIER = "com.sqcm.p4.Maltese-Vocubulary";
				PRODUCT_NAME = "$(TARGET_NAME)";
				SWIFT_VERSION = 4.2;
				TARGETED_DEVICE_FAMILY = "1,2";
			};
			name = Release;
		};
/* End XCBuildConfiguration section */

/* Begin XCConfigurationList section */
		FDA2131021811F74007FE86D /* Build configuration list for PBXProject "Maltese Vocubulary" */ = {
			isa = XCConfigurationList;
			buildConfigurations = (
				FDA2132521811F77007FE86D /* Debug */,
				FDA2132621811F77007FE86D /* Release */,
			);
			defaultConfigurationIsVisible = 0;
			defaultConfigurationName = Release;
		};
		FDA2132721811F77007FE86D /* Build configuration list for PBXNativeTarget "Maltese Vocubulary" */ = {
			isa = XCConfigurationList;
			buildConfigurations = (
				FDA2132821811F77007FE86D /* Debug */,
				FDA2132921811F77007FE86D /* Release */,
			);
			defaultConfigurationIsVisible = 0;
			defaultConfigurationName = Release;
		};
/* End XCConfigurationList section */
	};
	rootObject = FDA2130D21811F74007FE86D /* Project object */;
}
